
Microsoft Visual Studio Solution File, Format Version 12.00
# Visual Studio Version 17
VisualStudioVersion = 17.5.002.0
MinimumVisualStudioVersion = 10.0.40219.1
Project("{9A19103F-16F7-4668-BE54-9A1E7A4F7556}") = "ControlWork_ChapterOne", "ControlWork_ChapterOne.csproj", "{794BDC08-9957-4442-9D32-EE1D07E0AED0}"
EndProject
Global
	GlobalSection(SolutionConfigurationPlatforms) = preSolution
		Debug|Any CPU = Debug|Any CPU
		Release|Any CPU = Release|Any CPU
	EndGlobalSection
	GlobalSection(ProjectConfigurationPlatforms) = postSolution
		{794BDC08-9957-4442-9D32-EE1D07E0AED0}.Debug|Any CPU.ActiveCfg = Debug|Any CPU
		{794BDC08-9957-4442-9D32-EE1D07E0AED0}.Debug|Any CPU.Build.0 = Debug|Any CPU
		{794BDC08-9957-4442-9D32-EE1D07E0AED0}.Release|Any CPU.ActiveCfg = Release|Any CPU
		{794BDC08-9957-4442-9D32-EE1D07E0AED0}.Release|Any CPU.Build.0 = Release|Any CPU
	EndGlobalSection
	GlobalSection(SolutionProperties) = preSolution
		HideSolutionNode = FALSE
	EndGlobalSection
	GlobalSection(ExtensibilityGlobals) = postSolution
		SolutionGuid = {CF66133E-7E80-4610-AEBD-E9C6037BD9B6}
	EndGlobalSection
EndGlobal
